// !$*UTF8*$!
{
	archiveVersion = 1;
	classes = {
	};
	objectVersion = 46;
	objects = {

/* Begin PBXBuildFile section */
		E058837B1CC9C226008A213B /* AppDelegate.swift in Sources */ = {isa = PBXBuildFile; fileRef = E058837A1CC9C226008A213B /* AppDelegate.swift */; };
		E058837D1CC9C226008A213B /* ViewController.swift in Sources */ = {isa = PBXBuildFile; fileRef = E058837C1CC9C226008A213B /* ViewController.swift */; };
		E05883801CC9C226008A213B /* Main.storyboard in Resources */ = {isa = PBXBuildFile; fileRef = E058837E1CC9C226008A213B /* Main.storyboard */; };
		E05883821CC9C226008A213B /* Assets.xcassets in Resources */ = {isa = PBXBuildFile; fileRef = E05883811CC9C226008A213B /* Assets.xcassets */; };
		E05883851CC9C226008A213B /* LaunchScreen.storyboard in Resources */ = {isa = PBXBuildFile; fileRef = E05883831CC9C226008A213B /* LaunchScreen.storyboard */; };
		E05883921CC9C31E008A213B /* HNQQPopMenuManager.swift in Sources */ = {isa = PBXBuildFile; fileRef = E05883911CC9C31E008A213B /* HNQQPopMenuManager.swift */; };
		E05883941CC9C6A7008A213B /* HNQQPopMenuView.swift in Sources */ = {isa = PBXBuildFile; fileRef = E05883931CC9C6A7008A213B /* HNQQPopMenuView.swift */; };
		E05883961CC9C8A4008A213B /* HNQQPopMenuModel.swift in Sources */ = {isa = PBXBuildFile; fileRef = E05883951CC9C8A4008A213B /* HNQQPopMenuModel.swift */; };
		E058839B1CC9E859008A213B /* HNPopMenuTableViewCell.swift in Sources */ = {isa = PBXBuildFile; fileRef = E058839A1CC9E859008A213B /* HNPopMenuTableViewCell.swift */; };
/* End PBXBuildFile section */

/* Begin PBXFileReference section */
		E05883771CC9C226008A213B /* HNQQPopMenu-swift.app */ = {isa = PBXFileReference; explicitFileType = wrapper.application; includeInIndex = 0; path = "HNQQPopMenu-swift.app"; sourceTree = BUILT_PRODUCTS_DIR; };
		E058837A1CC9C226008A213B /* AppDelegate.swift */ = {isa = PBXFileReference; lastKnownFileType = sourcecode.swift; path = AppDelegate.swift; sourceTree = "<group>"; };
		E058837C1CC9C226008A213B /* ViewController.swift */ = {isa = PBXFileReference; lastKnownFileType = sourcecode.swift; path = ViewController.swift; sourceTree = "<group>"; };
		E058837F1CC9C226008A213B /* Base */ = {isa = PBXFileReference; lastKnownFileType = file.storyboard; name = Base; path = Base.lproj/Main.storyboard; sourceTree = "<group>"; };
		E05883811CC9C226008A213B /* Assets.xcassets */ = {isa = PBXFileReference; lastKnownFileType = folder.assetcatalog; path = Assets.xcassets; sourceTree = "<group>"; };
		E05883841CC9C226008A213B /* Base */ = {isa = PBXFileReference; lastKnownFileType = file.storyboard; name = Base; path = Base.lproj/LaunchScreen.storyboard; sourceTree = "<group>"; };
		E05883861CC9C226008A213B /* Info.plist */ = {isa = PBXFileReference; lastKnownFileType = text.plist.xml; path = Info.plist; sourceTree = "<group>"; };
		E05883911CC9C31E008A213B /* HNQQPopMenuManager.swift */ = {isa = PBXFileReference; fileEncoding = 4; lastKnownFileType = sourcecode.swift; path = HNQQPopMenuManager.swift; sourceTree = "<group>"; };
		E05883931CC9C6A7008A213B /* HNQQPopMenuView.swift */ = {isa = PBXFileReference; fileEncoding = 4; lastKnownFileType = sourcecode.swift; path = HNQQPopMenuView.swift; sourceTree = "<group>"; };
		E05883951CC9C8A4008A213B /* HNQQPopMenuModel.swift */ = {isa = PBXFileReference; fileEncoding = 4; lastKnownFileType = sourcecode.swift; path = HNQQPopMenuModel.swift; sourceTree = "<group>"; };
		E058839A1CC9E859008A213B /* HNPopMenuTableViewCell.swift */ = {isa = PBXFileReference; fileEncoding = 4; lastKnownFileType = sourcecode.swift; path = HNPopMenuTableViewCell.swift; sourceTree = "<group>"; };
/* End PBXFileReference section */

/* Begin PBXFrameworksBuildPhase section */
		E05883741CC9C226008A213B /* Frameworks */ = {
			isa = PBXFrameworksBuildPhase;
			buildActionMask = 2147483647;
			files = (
			);
			runOnlyForDeploymentPostprocessing = 0;
		};
/* End PBXFrameworksBuildPhase section */

/* Begin PBXGroup section */
		E058836E1CC9C226008A213B = {
			isa = PBXGroup;
			children = (
				E05883791CC9C226008A213B /* HNQQPopMenu-swift */,
				E05883781CC9C226008A213B /* Products */,
			);
			sourceTree = "<group>";
		};
		E05883781CC9C226008A213B /* Products */ = {
			isa = PBXGroup;
			children = (
				E05883771CC9C226008A213B /* HNQQPopMenu-swift.app */,
			);
			name = Products;
			sourceTree = "<group>";
		};
		E05883791CC9C226008A213B /* HNQQPopMenu-swift */ = {
			isa = PBXGroup;
			children = (
				E058838C1CC9C289008A213B /* HNQQPopMenu */,
				E058837A1CC9C226008A213B /* AppDelegate.swift */,
				E058837C1CC9C226008A213B /* ViewController.swift */,
				E058837E1CC9C226008A213B /* Main.storyboard */,
				E05883811CC9C226008A213B /* Assets.xcassets */,
				E05883831CC9C226008A213B /* LaunchScreen.storyboard */,
				E05883861CC9C226008A213B /* Info.plist */,
			);
			path = "HNQQPopMenu-swift";
			sourceTree = "<group>";
		};
		E058838C1CC9C289008A213B /* HNQQPopMenu */ = {
			isa = PBXGroup;
			children = (
				E05883911CC9C31E008A213B /* HNQQPopMenuManager.swift */,
				E05883931CC9C6A7008A213B /* HNQQPopMenuView.swift */,
				E058839A1CC9E859008A213B /* HNPopMenuTableViewCell.swift */,
				E05883951CC9C8A4008A213B /* HNQQPopMenuModel.swift */,
			);
			path = HNQQPopMenu;
			sourceTree = "<group>";
		};
/* End PBXGroup section */

/* Begin PBXNativeTarget section */
		E05883761CC9C226008A213B /* HNQQPopMenu-swift */ = {
			isa = PBXNativeTarget;
			buildConfigurationList = E05883891CC9C226008A213B /* Build configuration list for PBXNativeTarget "HNQQPopMenu-swift" */;
			buildPhases = (
				E05883731CC9C226008A213B /* Sources */,
				E05883741CC9C226008A213B /* Frameworks */,
				E05883751CC9C226008A213B /* Resources */,
			);
			buildRules = (
			);
			dependencies = (
			);
			name = "HNQQPopMenu-swift";
			productName = "HNQQPopMenu-swift";
			productReference = E05883771CC9C226008A213B /* HNQQPopMenu-swift.app */;
			productType = "com.apple.product-type.application";
		};
/* End PBXNativeTarget section */

/* Begin PBXProject section */
		E058836F1CC9C226008A213B /* Project object */ = {
			isa = PBXProject;
			attributes = {
				CLASSPREFIX = HN;
				LastSwiftUpdateCheck = 0730;
				LastUpgradeCheck = 0730;
				ORGANIZATIONNAME = Zakariyya;
				TargetAttributes = {
					E05883761CC9C226008A213B = {
						CreatedOnToolsVersion = 7.3;
					};
				};
			};
			buildConfigurationList = E05883721CC9C226008A213B /* Build configuration list for PBXProject "HNQQPopMenu-swift" */;
			compatibilityVersion = "Xcode 3.2";
			developmentRegion = English;
			hasScannedForEncodings = 0;
			knownRegions = (
				en,
				Base,
			);
			mainGroup = E058836E1CC9C226008A213B;
			productRefGroup = E05883781CC9C226008A213B /* Products */;
			projectDirPath = "";
			projectRoot = "";
			targets = (
				E05883761CC9C226008A213B /* HNQQPopMenu-swift */,
			);
		};
/* End PBXProject section */

/* Begin PBXResourcesBuildPhase section */
		E05883751CC9C226008A213B /* Resources */ = {
			isa = PBXResourcesBuildPhase;
			buildActionMask = 2147483647;
			files = (
				E05883851CC9C226008A213B /* LaunchScreen.storyboard in Resources */,
				E05883821CC9C226008A213B /* Assets.xcassets in Resources */,
				E05883801CC9C226008A213B /* Main.storyboard in Resources */,
			);
			runOnlyForDeploymentPostprocessing = 0;
		};
/* End PBXResourcesBuildPhase section */

/* Begin PBXSourcesBuildPhase section */
		E05883731CC9C226008A213B /* Sources */ = {
			isa = PBXSourcesBuildPhase;
			buildActionMask = 2147483647;
			files = (
				E058839B1CC9E859008A213B /* HNPopMenuTableViewCell.swift in Sources */,
				E058837D1CC9C226008A213B /* ViewController.swift in Sources */,
				E058837B1CC9C226008A213B /* AppDelegate.swift in Sources */,
				E05883921CC9C31E008A213B /* HNQQPopMenuManager.swift in Sources */,
				E05883941CC9C6A7008A213B /* HNQQPopMenuView.swift in Sources */,
				E05883961CC9C8A4008A213B /* HNQQPopMenuModel.swift in Sources */,
			);
			runOnlyForDeploymentPostprocessing = 0;
		};
/* End PBXSourcesBuildPhase section */

/* Begin PBXVariantGroup section */
		E058837E1CC9C226008A213B /* Main.storyboard */ = {
			isa = PBXVariantGroup;
			children = (
				E058837F1CC9C226008A213B /* Base */,
			);
			name = Main.storyboard;
			sourceTree = "<group>";
		};
		E05883831CC9C226008A213B /* LaunchScreen.storyboard */ = {
			isa = PBXVariantGroup;
			children = (
				E05883841CC9C226008A213B /* Base */,
			);
			name = LaunchScreen.storyboard;
			sourceTree = "<group>";
		};
/* End PBXVariantGroup section */

/* Begin XCBuildConfiguration section */
		E05883871CC9C226008A213B /* Debug */ = {
			isa = XCBuildConfiguration;
			buildSettings = {
				ALWAYS_SEARCH_USER_PATHS = NO;
				CLANG_ANALYZER_NONNULL = YES;
				CLANG_CXX_LANGUAGE_STANDARD = "gnu++0x";
				CLANG_CXX_LIBRARY = "libc++";
				CLANG_ENABLE_MODULES = YES;
				CLANG_ENABLE_OBJC_ARC = YES;
				CLANG_WARN_BOOL_CONVERSION = YES;
				CLANG_WARN_CONSTANT_CONVERSION = YES;
				CLANG_WARN_DIRECT_OBJC_ISA_USAGE = YES_ERROR;
				CLANG_WARN_EMPTY_BODY = YES;
				CLANG_WARN_ENUM_CONVERSION = YES;
				CLANG_WARN_INT_CONVERSION = YES;
				CLANG_WARN_OBJC_ROOT_CLASS = YES_ERROR;
				CLANG_WARN_UNREACHABLE_CODE = YES;
				CLANG_WARN__DUPLICATE_METHOD_MATCH = YES;
				"CODE_SIGN_IDENTITY[sdk=iphoneos*]" = "iPhone Developer";
				COPY_PHASE_STRIP = NO;
				DEBUG_INFORMATION_FORMAT = dwarf;
				ENABLE_STRICT_OBJC_MSGSEND = YES;
				ENABLE_TESTABILITY = YES;
				GCC_C_LANGUAGE_STANDARD = gnu99;
				GCC_DYNAMIC_NO_PIC = NO;
				GCC_NO_COMMON_BLOCKS = YES;
				GCC_OPTIMIZATION_LEVEL = 0;
				GCC_PREPROCESSOR_DEFINITIONS = (
					"DEBUG=1",
					"$(inherited)",
				);
				GCC_WARN_64_TO_32_BIT_CONVERSION = YES;
				GCC_WARN_ABOUT_RETURN_TYPE = YES_ERROR;
				GCC_WARN_UNDECLARED_SELECTOR = YES;
				GCC_WARN_UNINITIALIZED_AUTOS = YES_AGGRESSIVE;
				GCC_WARN_UNUSED_FUNCTION = YES;
				GCC_WARN_UNUSED_VARIABLE = YES;
				IPHONEOS_DEPLOYMENT_TARGET = 9.3;
				MTL_ENABLE_DEBUG_INFO = YES;
				ONLY_ACTIVE_ARCH = YES;
				SDKROOT = iphoneos;
				SWIFT_OPTIMIZATION_LEVEL = "-Onone";
				TARGETED_DEVICE_FAMILY = "1,2";
			};
			name = Debug;
		};
		E05883881CC9C226008A213B /* Release */ = {
			isa = XCBuildConfiguration;
			buildSettings = {
				ALWAYS_SEARCH_USER_PATHS = NO;
				CLANG_ANALYZER_NONNULL = YES;
				CLANG_CXX_LANGUAGE_STANDARD = "gnu++0x";
				CLANG_CXX_LIBRARY = "libc++";
				CLANG_ENABLE_MODULES = YES;
				CLANG_ENABLE_OBJC_ARC = YES;
				CLANG_WARN_BOOL_CONVERSION = YES;
				CLANG_WARN_CONSTANT_CONVERSION = YES;
				CLANG_WARN_DIRECT_OBJC_ISA_USAGE = YES_ERROR;
				CLANG_WARN_EMPTY_BODY = YES;
				CLANG_WARN_ENUM_CONVERSION = YES;
				CLANG_WARN_INT_CONVERSION = YES;
				CLANG_WARN_OBJC_ROOT_CLASS = YES_ERROR;
				CLANG_WARN_UNREACHABLE_CODE = YES;
				CLANG_WARN__DUPLICATE_METHOD_MATCH = YES;
				"CODE_SIGN_IDENTITY[sdk=iphoneos*]" = "iPhone Developer";
				COPY_PHASE_STRIP = NO;
				DEBUG_INFORMATION_FORMAT = "dwarf-with-dsym";
				ENABLE_NS_ASSERTIONS = NO;
				ENABLE_STRICT_OBJC_MSGSEND = YES;
				GCC_C_LANGUAGE_STANDARD = gnu99;
				GCC_NO_COMMON_BLOCKS = YES;
				GCC_WARN_64_TO_32_BIT_CONVERSION = YES;
				GCC_WARN_ABOUT_RETURN_TYPE = YES_ERROR;
				GCC_WARN_UNDECLARED_SELECTOR = YES;
				GCC_WARN_UNINITIALIZED_AUTOS = YES_AGGRESSIVE;
				GCC_WARN_UNUSED_FUNCTION = YES;
				GCC_WARN_UNUSED_VARIABLE = YES;
				IPHONEOS_DEPLOYMENT_TARGET = 9.3;
				MTL_ENABLE_DEBUG_INFO = NO;
				SDKROOT = iphoneos;
				TARGETED_DEVICE_FAMILY = "1,2";
				VALIDATE_PRODUCT = YES;
			};
			name = Release;
		};
		E058838A1CC9C226008A213B /* Debug */ = {
			isa = XCBuildConfiguration;
			buildSettings = {
				ASSETCATALOG_COMPILER_APPICON_NAME = AppIcon;
				INFOPLIST_FILE = "HNQQPopMenu-swift/Info.plist";
				LD_RUNPATH_SEARCH_PATHS = "$(inherited) @executable_path/Frameworks";
				PRODUCT_BUNDLE_IDENTIFIER = "zakariyya.HNQQPopMenu-swift";
				PRODUCT_NAME = "$(TARGET_NAME)";
			};
			name = Debug;
		};
		E058838B1CC9C226008A213B /* Release */ = {
			isa = XCBuildConfiguration;
			buildSettings = {
				ASSETCATALOG_COMPILER_APPICON_NAME = AppIcon;
				INFOPLIST_FILE = "HNQQPopMenu-swift/Info.plist";
				LD_RUNPATH_SEARCH_PATHS = "$(inherited) @executable_path/Frameworks";
				PRODUCT_BUNDLE_IDENTIFIER = "zakariyya.HNQQPopMenu-swift";
				PRODUCT_NAME = "$(TARGET_NAME)";
			};
			name = Release;
		};
/* End XCBuildConfiguration section */

/* Begin XCConfigurationList section */
		E05883721CC9C226008A213B /* Build configuration list for PBXProject "HNQQPopMenu-swift" */ = {
			isa = XCConfigurationList;
			buildConfigurations = (
				E05883871CC9C226008A213B /* Debug */,
				E05883881CC9C226008A213B /* Release */,
			);
			defaultConfigurationIsVisible = 0;
			defaultConfigurationName = Release;
		};
		E05883891CC9C226008A213B /* Build configuration list for PBXNativeTarget "HNQQPopMenu-swift" */ = {
			isa = XCConfigurationList;
			buildConfigurations = (
				E058838A1CC9C226008A213B /* Debug */,
				E058838B1CC9C226008A213B /* Release */,
			);
			defaultConfigurationIsVisible = 0;
		};
/* End XCConfigurationList section */
	};
	rootObject = E058836F1CC9C226008A213B /* Project object */;
}
